
Microsoft Visual Studio Solution File, Format Version 12.00
# Visual Studio 15
VisualStudioVersion = 15.0.27130.2027
MinimumVisualStudioVersion = 10.0.40219.1
Project("{FAE04EC0-301F-11D3-BF4B-00C04F79EFBC}") = "XF.LunchTime.Android", "XF.LunchTime\XF.LunchTime.Android\XF.LunchTime.Android.csproj", "{345D6441-9475-43DB-91FD-3D7ED2FD9A54}"
EndProject
Project("{FAE04EC0-301F-11D3-BF4B-00C04F79EFBC}") = "XF.LunchTime", "XF.LunchTime\XF.LunchTime\XF.LunchTime.csproj", "{DE526542-F62A-4BD8-827B-45D9B7B72D20}"
EndProject
Project("{FAE04EC0-301F-11D3-BF4B-00C04F79EFBC}") = "XF.LunchTime.iOS", "XF.LunchTime\XF.LunchTime.iOS\XF.LunchTime.iOS.csproj", "{2042A67E-229E-4E4E-917E-C8D66402865A}"
EndProject
Global
	GlobalSection(SolutionConfigurationPlatforms) = preSolution
		Ad-Hoc|Any CPU = Ad-Hoc|Any CPU
		Ad-Hoc|iPhone = Ad-Hoc|iPhone
		Ad-Hoc|iPhoneSimulator = Ad-Hoc|iPhoneSimulator
		AppStore|Any CPU = AppStore|Any CPU
		AppStore|iPhone = AppStore|iPhone
		AppStore|iPhoneSimulator = AppStore|iPhoneSimulator
		Debug|Any CPU = Debug|Any CPU
		Debug|iPhone = Debug|iPhone
		Debug|iPhoneSimulator = Debug|iPhoneSimulator
		Release|Any CPU = Release|Any CPU
		Release|iPhone = Release|iPhone
		Release|iPhoneSimulator = Release|iPhoneSimulator
	EndGlobalSection
	GlobalSection(ProjectConfigurationPlatforms) = postSolution
		{345D6441-9475-43DB-91FD-3D7ED2FD9A54}.Ad-Hoc|Any CPU.ActiveCfg = Release|Any CPU
		{345D6441-9475-43DB-91FD-3D7ED2FD9A54}.Ad-Hoc|Any CPU.Build.0 = Release|Any CPU
		{345D6441-9475-43DB-91FD-3D7ED2FD9A54}.Ad-Hoc|Any CPU.Deploy.0 = Release|Any CPU
		{345D6441-9475-43DB-91FD-3D7ED2FD9A54}.Ad-Hoc|iPhone.ActiveCfg = Release|Any CPU
		{345D6441-9475-43DB-91FD-3D7ED2FD9A54}.Ad-Hoc|iPhone.Build.0 = Release|Any CPU
		{345D6441-9475-43DB-91FD-3D7ED2FD9A54}.Ad-Hoc|iPhone.Deploy.0 = Release|Any CPU
		{345D6441-9475-43DB-91FD-3D7ED2FD9A54}.Ad-Hoc|iPhoneSimulator.ActiveCfg = Release|Any CPU
		{345D6441-9475-43DB-91FD-3D7ED2FD9A54}.Ad-Hoc|iPhoneSimulator.Build.0 = Release|Any CPU
		{345D6441-9475-43DB-91FD-3D7ED2FD9A54}.Ad-Hoc|iPhoneSimulator.Deploy.0 = Release|Any CPU
		{345D6441-9475-43DB-91FD-3D7ED2FD9A54}.AppStore|Any CPU.ActiveCfg = Release|Any CPU
		{345D6441-9475-43DB-91FD-3D7ED2FD9A54}.AppStore|Any CPU.Build.0 = Release|Any CPU
		{345D6441-9475-43DB-91FD-3D7ED2FD9A54}.AppStore|Any CPU.Deploy.0 = Release|Any CPU
		{345D6441-9475-43DB-91FD-3D7ED2FD9A54}.AppStore|iPhone.ActiveCfg = Release|Any CPU
		{345D6441-9475-43DB-91FD-3D7ED2FD9A54}.AppStore|iPhone.Build.0 = Release|Any CPU
		{345D6441-9475-43DB-91FD-3D7ED2FD9A54}.AppStore|iPhone.Deploy.0 = Release|Any CPU
		{345D6441-9475-43DB-91FD-3D7ED2FD9A54}.AppStore|iPhoneSimulator.ActiveCfg = Release|Any CPU
		{345D6441-9475-43DB-91FD-3D7ED2FD9A54}.AppStore|iPhoneSimulator.Build.0 = Release|Any CPU
		{345D6441-9475-43DB-91FD-3D7ED2FD9A54}.AppStore|iPhoneSimulator.Deploy.0 = Release|Any CPU
		{345D6441-9475-43DB-91FD-3D7ED2FD9A54}.Debug|Any CPU.ActiveCfg = Debug|Any CPU
		{345D6441-9475-43DB-91FD-3D7ED2FD9A54}.Debug|Any CPU.Build.0 = Debug|Any CPU
		{345D6441-9475-43DB-91FD-3D7ED2FD9A54}.Debug|Any CPU.Deploy.0 = Debug|Any CPU
		{345D6441-9475-43DB-91FD-3D7ED2FD9A54}.Debug|iPhone.ActiveCfg = Debug|Any CPU
		{345D6441-9475-43DB-91FD-3D7ED2FD9A54}.Debug|iPhone.Build.0 = Debug|Any CPU
		{345D6441-9475-43DB-91FD-3D7ED2FD9A54}.Debug|iPhone.Deploy.0 = Debug|Any CPU
		{345D6441-9475-43DB-91FD-3D7ED2FD9A54}.Debug|iPhoneSimulator.ActiveCfg = Debug|Any CPU
		{345D6441-9475-43DB-91FD-3D7ED2FD9A54}.Debug|iPhoneSimulator.Build.0 = Debug|Any CPU
		{345D6441-9475-43DB-91FD-3D7ED2FD9A54}.Debug|iPhoneSimulator.Deploy.0 = Debug|Any CPU
		{345D6441-9475-43DB-91FD-3D7ED2FD9A54}.Release|Any CPU.ActiveCfg = Release|Any CPU
		{345D6441-9475-43DB-91FD-3D7ED2FD9A54}.Release|Any CPU.Build.0 = Release|Any CPU
		{345D6441-9475-43DB-91FD-3D7ED2FD9A54}.Release|Any CPU.Deploy.0 = Release|Any CPU
		{345D6441-9475-43DB-91FD-3D7ED2FD9A54}.Release|iPhone.ActiveCfg = Release|Any CPU
		{345D6441-9475-43DB-91FD-3D7ED2FD9A54}.Release|iPhone.Build.0 = Release|Any CPU
		{345D6441-9475-43DB-91FD-3D7ED2FD9A54}.Release|iPhone.Deploy.0 = Release|Any CPU
		{345D6441-9475-43DB-91FD-3D7ED2FD9A54}.Release|iPhoneSimulator.ActiveCfg = Release|Any CPU
		{345D6441-9475-43DB-91FD-3D7ED2FD9A54}.Release|iPhoneSimulator.Build.0 = Release|Any CPU
		{345D6441-9475-43DB-91FD-3D7ED2FD9A54}.Release|iPhoneSimulator.Deploy.0 = Release|Any CPU
		{DE526542-F62A-4BD8-827B-45D9B7B72D20}.Ad-Hoc|Any CPU.ActiveCfg = Release|Any CPU
		{DE526542-F62A-4BD8-827B-45D9B7B72D20}.Ad-Hoc|Any CPU.Build.0 = Release|Any CPU
		{DE526542-F62A-4BD8-827B-45D9B7B72D20}.Ad-Hoc|iPhone.ActiveCfg = Release|Any CPU
		{DE526542-F62A-4BD8-827B-45D9B7B72D20}.Ad-Hoc|iPhone.Build.0 = Release|Any CPU
		{DE526542-F62A-4BD8-827B-45D9B7B72D20}.Ad-Hoc|iPhoneSimulator.ActiveCfg = Release|Any CPU
		{DE526542-F62A-4BD8-827B-45D9B7B72D20}.Ad-Hoc|iPhoneSimulator.Build.0 = Release|Any CPU
		{DE526542-F62A-4BD8-827B-45D9B7B72D20}.AppStore|Any CPU.ActiveCfg = Release|Any CPU
		{DE526542-F62A-4BD8-827B-45D9B7B72D20}.AppStore|Any CPU.Build.0 = Release|Any CPU
		{DE526542-F62A-4BD8-827B-45D9B7B72D20}.AppStore|iPhone.ActiveCfg = Release|Any CPU
		{DE526542-F62A-4BD8-827B-45D9B7B72D20}.AppStore|iPhone.Build.0 = Release|Any CPU
		{DE526542-F62A-4BD8-827B-45D9B7B72D20}.AppStore|iPhoneSimulator.ActiveCfg = Release|Any CPU
		{DE526542-F62A-4BD8-827B-45D9B7B72D20}.AppStore|iPhoneSimulator.Build.0 = Release|Any CPU
		{DE526542-F62A-4BD8-827B-45D9B7B72D20}.Debug|Any CPU.ActiveCfg = Debug|Any CPU
		{DE526542-F62A-4BD8-827B-45D9B7B72D20}.Debug|Any CPU.Build.0 = Debug|Any CPU
		{DE526542-F62A-4BD8-827B-45D9B7B72D20}.Debug|iPhone.ActiveCfg = Debug|Any CPU
		{DE526542-F62A-4BD8-827B-45D9B7B72D20}.Debug|iPhone.Build.0 = Debug|Any CPU
		{DE526542-F62A-4BD8-827B-45D9B7B72D20}.Debug|iPhoneSimulator.ActiveCfg = Debug|Any CPU
		{DE526542-F62A-4BD8-827B-45D9B7B72D20}.Debug|iPhoneSimulator.Build.0 = Debug|Any CPU
		{DE526542-F62A-4BD8-827B-45D9B7B72D20}.Release|Any CPU.ActiveCfg = Release|Any CPU
		{DE526542-F62A-4BD8-827B-45D9B7B72D20}.Release|Any CPU.Build.0 = Release|Any CPU
		{DE526542-F62A-4BD8-827B-45D9B7B72D20}.Release|iPhone.ActiveCfg = Release|Any CPU
		{DE526542-F62A-4BD8-827B-45D9B7B72D20}.Release|iPhone.Build.0 = Release|Any CPU
		{DE526542-F62A-4BD8-827B-45D9B7B72D20}.Release|iPhoneSimulator.ActiveCfg = Release|Any CPU
		{DE526542-F62A-4BD8-827B-45D9B7B72D20}.Release|iPhoneSimulator.Build.0 = Release|Any CPU
		{2042A67E-229E-4E4E-917E-C8D66402865A}.Ad-Hoc|Any CPU.ActiveCfg = Ad-Hoc|iPhoneSimulator
		{2042A67E-229E-4E4E-917E-C8D66402865A}.Ad-Hoc|iPhone.ActiveCfg = Ad-Hoc|iPhone
		{2042A67E-229E-4E4E-917E-C8D66402865A}.Ad-Hoc|iPhone.Build.0 = Ad-Hoc|iPhone
		{2042A67E-229E-4E4E-917E-C8D66402865A}.Ad-Hoc|iPhoneSimulator.ActiveCfg = Ad-Hoc|iPhoneSimulator
		{2042A67E-229E-4E4E-917E-C8D66402865A}.Ad-Hoc|iPhoneSimulator.Build.0 = Ad-Hoc|iPhoneSimulator
		{2042A67E-229E-4E4E-917E-C8D66402865A}.AppStore|Any CPU.ActiveCfg = AppStore|iPhoneSimulator
		{2042A67E-229E-4E4E-917E-C8D66402865A}.AppStore|iPhone.ActiveCfg = AppStore|iPhone
		{2042A67E-229E-4E4E-917E-C8D66402865A}.AppStore|iPhone.Build.0 = AppStore|iPhone
		{2042A67E-229E-4E4E-917E-C8D66402865A}.AppStore|iPhoneSimulator.ActiveCfg = AppStore|iPhoneSimulator
		{2042A67E-229E-4E4E-917E-C8D66402865A}.AppStore|iPhoneSimulator.Build.0 = AppStore|iPhoneSimulator
		{2042A67E-229E-4E4E-917E-C8D66402865A}.Debug|Any CPU.ActiveCfg = Debug|iPhoneSimulator
		{2042A67E-229E-4E4E-917E-C8D66402865A}.Debug|iPhone.ActiveCfg = Debug|iPhone
		{2042A67E-229E-4E4E-917E-C8D66402865A}.Debug|iPhone.Build.0 = Debug|iPhone
		{2042A67E-229E-4E4E-917E-C8D66402865A}.Debug|iPhoneSimulator.ActiveCfg = Debug|iPhoneSimulator
		{2042A67E-229E-4E4E-917E-C8D66402865A}.Debug|iPhoneSimulator.Build.0 = Debug|iPhoneSimulator
		{2042A67E-229E-4E4E-917E-C8D66402865A}.Release|Any CPU.ActiveCfg = Release|iPhoneSimulator
		{2042A67E-229E-4E4E-917E-C8D66402865A}.Release|iPhone.ActiveCfg = Release|iPhone
		{2042A67E-229E-4E4E-917E-C8D66402865A}.Release|iPhone.Build.0 = Release|iPhone
		{2042A67E-229E-4E4E-917E-C8D66402865A}.Release|iPhoneSimulator.ActiveCfg = Release|iPhoneSimulator
		{2042A67E-229E-4E4E-917E-C8D66402865A}.Release|iPhoneSimulator.Build.0 = Release|iPhoneSimulator
	EndGlobalSection
	GlobalSection(SolutionProperties) = preSolution
		HideSolutionNode = FALSE
	EndGlobalSection
	GlobalSection(ExtensibilityGlobals) = postSolution
		SolutionGuid = {34F074DF-3D70-4A92-A53F-9C878385FDF3}
	EndGlobalSection
EndGlobal
